version: 7
platforms:
- name: jetson
  subdir: linux-aarch64
  virtual-packages:
  - __cuda=13
- name: jetson-cuda12
  subdir: linux-aarch64
  virtual-packages:
  - __cuda=12
- name: osx-arm64
- name: workstation
  subdir: linux-64
environments:
  default:
    channels:
    - url: https://conda.anaconda.org/conda-forge/
    packages:
      jetson:
      - conda: https://conda.anaconda.org/conda-forge/linux-aarch64/ca-certificates-2024.8.30-hcefe29a_0.conda
      - conda: https://conda.anaconda.org/conda-forge/linux-aarch64/openssl-3.3.1-h68df207_0.conda
      jetson-cuda12:
      - conda: https://conda.anaconda.org/conda-forge/linux-aarch64/ca-certificates-2024.8.30-hcefe29a_0.conda
      - conda: https://conda.anaconda.org/conda-forge/linux-aarch64/openssl-3.3.1-h68df207_0.conda
      osx-arm64:
      - conda: https://conda.anaconda.org/conda-forge/osx-arm64/ca-certificates-2024.8.30-hf0a4a13_0.conda
      - conda: https://conda.anaconda.org/conda-forge/osx-arm64/openssl-3.3.1-hfb2fe0b_0.conda
      workstation:
      - conda: https://conda.anaconda.org/conda-forge/linux-64/ca-certificates-2024.8.30-hbcca054_0.conda
      - conda: https://conda.anaconda.org/conda-forge/linux-64/openssl-3.3.1-h4ab18f5_0.conda
packages:
- conda: https://conda.anaconda.org/conda-forge/linux-64/ca-certificates-2024.8.30-hbcca054_0.conda
  sha256: afee721baa6d988e27fef1832f68d6f32ac8cc99cdf6015732224c2841a09cea
  md5: c27d1c142233b5bc9ca570c6e2e0c244
  license: ISC
  size: 159003
  timestamp: 1725018903918
- conda: https://conda.anaconda.org/conda-forge/linux-64/openssl-3.3.1-h4ab18f5_0.conda
  sha256: 9691f8bd6394c5bb0b8d2f47cd1467b91bd5b1df923b69e6b517f54496ee4b50
  md5: a41fa0e391cc9e0d6b78ac69ca047a6c
  depends:
  - ca-certificates
  - libgcc-ng >=12
  constrains:
  - pyopenssl >=22.1
  license: Apache-2.0
  license_family: Apache
  size: 2896170
  timestamp: 1717546157673
- conda: https://conda.anaconda.org/conda-forge/linux-aarch64/ca-certificates-2024.8.30-hcefe29a_0.conda
  sha256: 2a2d827bee3775a85f0f1b2f2089291475c4416336d1b3a8cbce2964db547af8
  md5: 70e57e8f59d2c98f86b49c69e5074be5
  license: ISC
  size: 159106
  timestamp: 1725020043153
- conda: https://conda.anaconda.org/conda-forge/linux-aarch64/openssl-3.3.1-h68df207_0.conda
  sha256: 1688bf43c6ea6322ac7c1ca455712e5b64f6f524fee4c108b26c26ed7eac6f11
  md5: dc4bb65a3f9c97b26c8f947662eea202
  depends:
  - ca-certificates
  - libgcc-ng >=12
  constrains:
  - pyopenssl >=22.1
  license: Apache-2.0
  license_family: Apache
  size: 3427371
  timestamp: 1717546156492
- conda: https://conda.anaconda.org/conda-forge/osx-arm64/ca-certificates-2024.8.30-hf0a4a13_0.conda
  sha256: 2db1733f4b644575dbbdd7994a8f338e6ef937f5ebdb74acd557e9dda0211709
  md5: 40dec13fd8348dbe303e57be74bd3d35
  license: ISC
  size: 158482
  timestamp: 1725019034582
- conda: https://conda.anaconda.org/conda-forge/osx-arm64/openssl-3.3.1-hfb2fe0b_0.conda
  sha256: 6cb2d44f027b259be8cba2240bdf21af7b426e4132a73e0052f7173ab8b60ab0
  md5: c4a0bbd96a0da60bf265dac62c87f4e1
  depends:
  - __osx >=11.0
  - ca-certificates
  constrains:
  - pyopenssl >=22.1
  license: Apache-2.0
  license_family: Apache
  size: 2891941
  timestamp: 1717545846389
