version: 6
environments:
  default:
    channels:
    - url: https://conda.anaconda.org/conda-forge/
    packages:
      linux-64:
      - conda: https://conda.anaconda.org/conda-forge/linux-64/_libgcc_mutex-0.1-conda_forge.tar.bz2
      - conda: https://conda.anaconda.org/conda-forge/linux-64/_openmp_mutex-4.5-2_gnu.tar.bz2
      - conda: https://conda.anaconda.org/conda-forge/linux-64/bzip2-1.0.8-h4bc722e_7.conda
      - conda: https://conda.anaconda.org/conda-forge/linux-64/ca-certificates-2024.8.30-hbcca054_0.conda
      - conda: https://conda.anaconda.org/conda-forge/linux-64/ld_impl_linux-64-2.43-h712a8e2_2.conda
      - conda: https://conda.anaconda.org/conda-forge/linux-64/libexpat-2.6.4-h5888daf_0.conda
      - conda: https://conda.anaconda.org/conda-forge/linux-64/libffi-3.4.2-h7f98852_5.tar.bz2
      - conda: https://conda.anaconda.org/conda-forge/linux-64/libgcc-14.2.0-h77fa898_1.conda
      - conda: https://conda.anaconda.org/conda-forge/linux-64/libgcc-ng-14.2.0-h69a702a_1.conda
      - conda: https://conda.anaconda.org/conda-forge/linux-64/libgomp-14.2.0-h77fa898_1.conda
      - conda: https://conda.anaconda.org/conda-forge/linux-64/libnsl-2.0.1-hd590300_0.conda
      - conda: https://conda.anaconda.org/conda-forge/linux-64/libsqlite-3.47.0-hadc24fc_1.conda
      - conda: https://conda.anaconda.org/conda-forge/linux-64/libuuid-2.38.1-h0b41bf4_0.conda
      - conda: https://conda.anaconda.org/conda-forge/linux-64/libxcrypt-4.4.36-hd590300_1.conda
      - conda: https://conda.anaconda.org/conda-forge/linux-64/libzlib-1.3.1-hb9d3cd8_2.conda
      - conda: https://conda.anaconda.org/conda-forge/linux-64/ncurses-6.5-he02047a_1.conda
      - conda: https://conda.anaconda.org/conda-forge/linux-64/openssl-3.3.1-h4ab18f5_0.conda
      - conda: https://conda.anaconda.org/conda-forge/noarch/pip-24.3.1-pyh8b19718_0.conda
      - conda: https://conda.anaconda.org/conda-forge/linux-64/python-3.12.5-h2ad013b_0_cpython.conda
      - conda: https://conda.anaconda.org/conda-forge/linux-64/readline-8.2-h8228510_1.conda
      - conda: https://conda.anaconda.org/conda-forge/noarch/setuptools-75.6.0-pyhff2d567_1.conda
      - conda: https://conda.anaconda.org/conda-forge/linux-64/tk-8.6.13-noxft_h4845f30_101.conda
      - conda: https://conda.anaconda.org/conda-forge/noarch/tzdata-2024b-hc8b5060_0.conda
      - conda: https://conda.anaconda.org/conda-forge/noarch/wheel-0.45.1-pyhd8ed1ab_1.conda
      - conda: https://conda.anaconda.org/conda-forge/linux-64/xz-5.2.6-h166bdaf_0.tar.bz2
      linux-aarch64:
      - conda: https://conda.anaconda.org/conda-forge/linux-aarch64/_openmp_mutex-4.5-2_gnu.tar.bz2
      - conda: https://conda.anaconda.org/conda-forge/linux-aarch64/bzip2-1.0.8-h68df207_7.conda
      - conda: https://conda.anaconda.org/conda-forge/linux-aarch64/ca-certificates-2024.8.30-hcefe29a_0.conda
      - conda: https://conda.anaconda.org/conda-forge/linux-aarch64/ld_impl_linux-aarch64-2.43-h80caac9_2.conda
      - conda: https://conda.anaconda.org/conda-forge/linux-aarch64/libexpat-2.6.4-h5ad3122_0.conda
      - conda: https://conda.anaconda.org/conda-forge/linux-aarch64/libffi-3.4.2-h3557bc0_5.tar.bz2
      - conda: https://conda.anaconda.org/conda-forge/linux-aarch64/libgcc-14.2.0-he277a41_1.conda
      - conda: https://conda.anaconda.org/conda-forge/linux-aarch64/libgcc-ng-14.2.0-he9431aa_1.conda
      - conda: https://conda.anaconda.org/conda-forge/linux-aarch64/libgomp-14.2.0-he277a41_1.conda
      - conda: https://conda.anaconda.org/conda-forge/linux-aarch64/libnsl-2.0.1-h31becfc_0.conda
      - conda: https://conda.anaconda.org/conda-forge/linux-aarch64/libsqlite-3.47.0-hc4a20ef_1.conda
      - conda: https://conda.anaconda.org/conda-forge/linux-aarch64/libuuid-2.38.1-hb4cce97_0.conda
      - conda: https://conda.anaconda.org/conda-forge/linux-aarch64/libxcrypt-4.4.36-h31becfc_1.conda
      - conda: https://conda.anaconda.org/conda-forge/linux-aarch64/libzlib-1.3.1-h86ecc28_2.conda
      - conda: https://conda.anaconda.org/conda-forge/linux-aarch64/ncurses-6.5-hcccb83c_1.conda
      - conda: https://conda.anaconda.org/conda-forge/linux-aarch64/openssl-3.3.1-h68df207_0.conda
      - conda: https://conda.anaconda.org/conda-forge/noarch/pip-24.3.1-pyh8b19718_0.conda
      - conda: https://conda.anaconda.org/conda-forge/linux-aarch64/python-3.12.5-hb188aa9_0_cpython.conda
      - conda: https://conda.anaconda.org/conda-forge/linux-aarch64/readline-8.2-h8fc344f_1.conda
      - conda: https://conda.anaconda.org/conda-forge/noarch/setuptools-75.6.0-pyhff2d567_1.conda
      - conda: https://conda.anaconda.org/conda-forge/linux-aarch64/tk-8.6.13-h194ca79_0.conda
      - conda: https://conda.anaconda.org/conda-forge/noarch/tzdata-2024b-hc8b5060_0.conda
      - conda: https://conda.anaconda.org/conda-forge/noarch/wheel-0.45.1-pyhd8ed1ab_1.conda
      - conda: https://conda.anaconda.org/conda-forge/linux-aarch64/xz-5.2.6-h9cdd2b7_0.tar.bz2
      linux-ppc64le:
      - conda: https://conda.anaconda.org/conda-forge/linux-ppc64le/_libgcc_mutex-0.1-conda_forge.tar.bz2
      - conda: https://conda.anaconda.org/conda-forge/linux-ppc64le/_openmp_mutex-4.5-2_gnu.tar.bz2
      - conda: https://conda.anaconda.org/conda-forge/linux-ppc64le/bzip2-1.0.8-h1f2b957_7.conda
      - conda: https://conda.anaconda.org/conda-forge/linux-ppc64le/ca-certificates-2024.8.30-h0f6029e_0.conda
      - conda: https://conda.anaconda.org/conda-forge/linux-ppc64le/ld_impl_linux-ppc64le-2.43-h5c2c55b_2.conda
      - conda: https://conda.anaconda.org/conda-forge/linux-ppc64le/libexpat-2.6.4-h2621725_0.conda
      - conda: https://conda.anaconda.org/conda-forge/linux-ppc64le/libffi-3.4.2-h4e0d66e_5.tar.bz2
      - conda: https://conda.anaconda.org/conda-forge/linux-ppc64le/libgcc-14.2.0-h31e42bb_1.conda
      - conda: https://conda.anaconda.org/conda-forge/linux-ppc64le/libgcc-ng-14.2.0-hfdc3801_1.conda
      - conda: https://conda.anaconda.org/conda-forge/linux-ppc64le/libgomp-14.2.0-h31e42bb_1.conda
      - conda: https://conda.anaconda.org/conda-forge/linux-ppc64le/libnsl-2.0.1-ha17a0cc_0.conda
      - conda: https://conda.anaconda.org/conda-forge/linux-ppc64le/libsqlite-3.47.0-hf507151_1.conda
      - conda: https://conda.anaconda.org/conda-forge/linux-ppc64le/libuuid-2.38.1-h4194056_0.conda
      - conda: https://conda.anaconda.org/conda-forge/linux-ppc64le/libxcrypt-4.4.36-ha17a0cc_1.conda
      - conda: https://conda.anaconda.org/conda-forge/linux-ppc64le/libzlib-1.3.1-h190368a_2.conda
      - conda: https://conda.anaconda.org/conda-forge/linux-ppc64le/ncurses-6.5-hd444e8b_1.conda
      - conda: https://conda.anaconda.org/conda-forge/linux-ppc64le/openssl-3.3.1-h1f2b957_0.conda
      - conda: https://conda.anaconda.org/conda-forge/noarch/pip-24.3.1-pyh8b19718_0.conda
      - conda: https://conda.anaconda.org/conda-forge/linux-ppc64le/python-3.12.5-h1219bdf_0_cpython.conda
      - conda: https://conda.anaconda.org/conda-forge/linux-ppc64le/readline-8.2-h0b9b154_1.conda
      - conda: https://conda.anaconda.org/conda-forge/noarch/setuptools-75.6.0-pyhff2d567_1.conda
      - conda: https://conda.anaconda.org/conda-forge/linux-ppc64le/tk-8.6.13-hd4bbf49_0.conda
      - conda: https://conda.anaconda.org/conda-forge/noarch/tzdata-2024b-hc8b5060_0.conda
      - conda: https://conda.anaconda.org/conda-forge/noarch/wheel-0.45.1-pyhd8ed1ab_1.conda
      - conda: https://conda.anaconda.org/conda-forge/linux-ppc64le/xz-5.2.6-hb283c62_0.tar.bz2
      osx-64:
      - conda: https://conda.anaconda.org/conda-forge/osx-64/bzip2-1.0.8-hfdf4475_7.conda
      - conda: https://conda.anaconda.org/conda-forge/osx-64/ca-certificates-2024.8.30-h8857fd0_0.conda
      - conda: https://conda.anaconda.org/conda-forge/osx-64/libexpat-2.6.4-h240833e_0.conda
      - conda: https://conda.anaconda.org/conda-forge/osx-64/libffi-3.4.2-h0d85af4_5.tar.bz2
      - conda: https://conda.anaconda.org/conda-forge/osx-64/libsqlite-3.47.0-h2f8c449_1.conda
      - conda: https://conda.anaconda.org/conda-forge/osx-64/libzlib-1.3.1-hd23fc13_2.conda
      - conda: https://conda.anaconda.org/conda-forge/osx-64/ncurses-6.5-hf036a51_1.conda
      - conda: https://conda.anaconda.org/conda-forge/osx-64/openssl-3.3.1-h87427d6_0.conda
      - conda: https://conda.anaconda.org/conda-forge/noarch/pip-24.3.1-pyh8b19718_0.conda
      - conda: https://conda.anaconda.org/conda-forge/osx-64/python-3.12.5-h37a9e06_0_cpython.conda
      - conda: https://conda.anaconda.org/conda-forge/osx-64/readline-8.2-h9e318b2_1.conda
      - conda: https://conda.anaconda.org/conda-forge/noarch/setuptools-75.6.0-pyhff2d567_1.conda
      - conda: https://conda.anaconda.org/conda-forge/osx-64/tk-8.6.13-h1abcd95_1.conda
      - conda: https://conda.anaconda.org/conda-forge/noarch/tzdata-2024b-hc8b5060_0.conda
      - conda: https://conda.anaconda.org/conda-forge/noarch/wheel-0.45.1-pyhd8ed1ab_1.conda
      - conda: https://conda.anaconda.org/conda-forge/osx-64/xz-5.2.6-h775f41a_0.tar.bz2
      osx-arm64:
      - conda: https://conda.anaconda.org/conda-forge/osx-arm64/bzip2-1.0.8-h99b78c6_7.conda
      - conda: https://conda.anaconda.org/conda-forge/osx-arm64/ca-certificates-2024.8.30-hf0a4a13_0.conda
      - conda: https://conda.anaconda.org/conda-forge/osx-arm64/libexpat-2.6.4-h286801f_0.conda
      - conda: https://conda.anaconda.org/conda-forge/osx-arm64/libffi-3.4.2-h3422bc3_5.tar.bz2
      - conda: https://conda.anaconda.org/conda-forge/osx-arm64/libsqlite-3.47.0-hbaaea75_1.conda
      - conda: https://conda.anaconda.org/conda-forge/osx-arm64/libzlib-1.3.1-h8359307_2.conda
      - conda: https://conda.anaconda.org/conda-forge/osx-arm64/ncurses-6.5-h7bae524_1.conda
      - conda: https://conda.anaconda.org/conda-forge/osx-arm64/openssl-3.3.1-hfb2fe0b_0.conda
      - conda: https://conda.anaconda.org/conda-forge/noarch/pip-24.3.1-pyh8b19718_0.conda
      - conda: https://conda.anaconda.org/conda-forge/osx-arm64/python-3.12.5-h30c5eda_0_cpython.conda
      - conda: https://conda.anaconda.org/conda-forge/osx-arm64/readline-8.2-h92ec313_1.conda
      - conda: https://conda.anaconda.org/conda-forge/noarch/setuptools-75.6.0-pyhff2d567_1.conda
      - conda: https://conda.anaconda.org/conda-forge/osx-arm64/tk-8.6.13-h5083fa2_1.conda
      - conda: https://conda.anaconda.org/conda-forge/noarch/tzdata-2024b-hc8b5060_0.conda
      - conda: https://conda.anaconda.org/conda-forge/noarch/wheel-0.45.1-pyhd8ed1ab_1.conda
      - conda: https://conda.anaconda.org/conda-forge/osx-arm64/xz-5.2.6-h57fd34a_0.tar.bz2
      win-64:
      - conda: https://conda.anaconda.org/conda-forge/win-64/bzip2-1.0.8-h2466b09_7.conda
      - conda: https://conda.anaconda.org/conda-forge/win-64/ca-certificates-2024.8.30-h56e8100_0.conda
      - conda: https://conda.anaconda.org/conda-forge/win-64/libexpat-2.6.4-he0c23c2_0.conda
      - conda: https://conda.anaconda.org/conda-forge/win-64/libffi-3.4.2-h8ffe710_5.tar.bz2
      - conda: https://conda.anaconda.org/conda-forge/win-64/libsqlite-3.47.0-h2466b09_1.conda
      - conda: https://conda.anaconda.org/conda-forge/win-64/libzlib-1.3.1-h2466b09_2.conda
      - conda: https://conda.anaconda.org/conda-forge/win-64/openssl-3.3.1-h2466b09_0.conda
      - conda: https://conda.anaconda.org/conda-forge/noarch/pip-24.3.1-pyh8b19718_0.conda
      - conda: https://conda.anaconda.org/conda-forge/win-64/python-3.12.5-h889d299_0_cpython.conda
      - conda: https://conda.anaconda.org/conda-forge/noarch/setuptools-75.6.0-pyhff2d567_1.conda
      - conda: https://conda.anaconda.org/conda-forge/win-64/tk-8.6.13-h5226925_1.conda
      - conda: https://conda.anaconda.org/conda-forge/noarch/tzdata-2024b-hc8b5060_0.conda
      - conda: https://conda.anaconda.org/conda-forge/win-64/ucrt-10.0.22621.0-h57928b3_1.conda
      - conda: https://conda.anaconda.org/conda-forge/win-64/vc-14.3-ha32ba9b_23.conda
      - conda: https://conda.anaconda.org/conda-forge/win-64/vc14_runtime-14.42.34433-he29a5d6_23.conda
      - conda: https://conda.anaconda.org/conda-forge/win-64/vs2015_runtime-14.42.34433-hdffcdeb_23.conda
      - conda: https://conda.anaconda.org/conda-forge/noarch/wheel-0.45.1-pyhd8ed1ab_1.conda
      - conda: https://conda.anaconda.org/conda-forge/win-64/xz-5.2.6-h8d14728_0.tar.bz2
packages:
- conda: https://conda.anaconda.org/conda-forge/linux-64/_libgcc_mutex-0.1-conda_forge.tar.bz2
  sha256: fe51de6107f9edc7aa4f786a70f4a883943bc9d39b3bb7307c04c41410990726
  md5: d7c89558ba9fa0495403155b64376d81
  license: None
  size: 2562
  timestamp: 1578324546067
- conda: https://conda.anaconda.org/conda-forge/linux-ppc64le/_libgcc_mutex-0.1-conda_forge.tar.bz2
  sha256: 5dd34b412e6274c0614d01a2f616844376ae873dfb8782c2c67d055779de6df6
  md5: e96f48755dc7c9f86c4aecf4cac40477
  license: None
  size: 2550
  timestamp: 1578324511581
- conda: https://conda.anaconda.org/conda-forge/linux-64/_openmp_mutex-4.5-2_gnu.tar.bz2
  build_number: 16
  sha256: fbe2c5e56a653bebb982eda4876a9178aedfc2b545f25d0ce9c4c0b508253d22
  md5: 73aaf86a425cc6e73fcf236a5a46396d
  depends:
  - _libgcc_mutex 0.1 conda_forge
  - libgomp >=7.5.0
  constrains:
  - openmp_impl 9999
  license: BSD-3-Clause
  license_family: BSD
  size: 23621
  timestamp: 1650670423406
- conda: https://conda.anaconda.org/conda-forge/linux-aarch64/_openmp_mutex-4.5-2_gnu.tar.bz2
  build_number: 16
  sha256: 3702bef2f0a4d38bd8288bbe54aace623602a1343c2cfbefd3fa188e015bebf0
  md5: 6168d71addc746e8f2b8d57dfd2edcea
  depends:
  - libgomp >=7.5.0
  constrains:
  - openmp_impl 9999
  license: BSD-3-Clause
  license_family: BSD
  size: 23712
  timestamp: 1650670790230
- conda: https://conda.anaconda.org/conda-forge/linux-ppc64le/_openmp_mutex-4.5-2_gnu.tar.bz2
  build_number: 16
  sha256: 4c89c2067cf5e7b0fbbdc3200c3f7affa5896e14812acf10f51575be87ae0c05
  md5: 3e41cbaba7e4988d15a24c4e85e6171b
  depends:
  - _libgcc_mutex 0.1 conda_forge
  - libgomp >=7.5.0
  constrains:
  - openmp_impl 9999
  license: BSD-3-Clause
  license_family: BSD
  size: 23710
  timestamp: 1650671119831
- conda: https://conda.anaconda.org/conda-forge/linux-64/bzip2-1.0.8-h4bc722e_7.conda
  sha256: 5ced96500d945fb286c9c838e54fa759aa04a7129c59800f0846b4335cee770d
  md5: 62ee74e96c5ebb0af99386de58cf9553
  depends:
  - __glibc >=2.17,<3.0.a0
  - libgcc-ng >=12
  license: bzip2-1.0.6
  license_family: BSD
  size: 252783
  timestamp: 1720974456583
- conda: https://conda.anaconda.org/conda-forge/linux-aarch64/bzip2-1.0.8-h68df207_7.conda
  sha256: 2258b0b33e1cb3a9852d47557984abb6e7ea58e3d7f92706ec1f8e879290c4cb
  md5: 56398c28220513b9ea13d7b450acfb20
  depends:
  - libgcc-ng >=12
  license: bzip2-1.0.6
  license_family: BSD
  size: 189884
  timestamp: 1720974504976
- conda: https://conda.anaconda.org/conda-forge/linux-ppc64le/bzip2-1.0.8-h1f2b957_7.conda
  sha256: 9ab9e6ac16be381f6636309084f3a1fadf50b4d7e9d6e145d53160de65b7987a
  md5: 28bea4cad2ab5d1ce9e3be6ab7fadac4
  depends:
  - libgcc-ng >=12
  license: bzip2-1.0.6
  license_family: BSD
  size: 198975
  timestamp: 1720974494530
- conda: https://conda.anaconda.org/conda-forge/osx-64/bzip2-1.0.8-hfdf4475_7.conda
  sha256: cad153608b81fb24fc8c509357daa9ae4e49dfc535b2cb49b91e23dbd68fc3c5
  md5: 7ed4301d437b59045be7e051a0308211
  depends:
  - __osx >=10.13
  license: bzip2-1.0.6
  license_family: BSD
  size: 134188
  timestamp: 1720974491916
- conda: https://conda.anaconda.org/conda-forge/osx-arm64/bzip2-1.0.8-h99b78c6_7.conda
  sha256: adfa71f158cbd872a36394c56c3568e6034aa55c623634b37a4836bd036e6b91
  md5: fc6948412dbbbe9a4c9ddbbcfe0a79ab
  depends:
  - __osx >=11.0
  license: bzip2-1.0.6
  license_family: BSD
  size: 122909
  timestamp: 1720974522888
- conda: https://conda.anaconda.org/conda-forge/win-64/bzip2-1.0.8-h2466b09_7.conda
  sha256: 35a5dad92e88fdd7fc405e864ec239486f4f31eec229e31686e61a140a8e573b
  md5: 276e7ffe9ffe39688abc665ef0f45596
  depends:
  - ucrt >=10.0.20348.0
  - vc >=14.2,<15
  - vc14_runtime >=14.29.30139
  license: bzip2-1.0.6
  license_family: BSD
  size: 54927
  timestamp: 1720974860185
- conda: https://conda.anaconda.org/conda-forge/linux-64/ca-certificates-2024.8.30-hbcca054_0.conda
  sha256: afee721baa6d988e27fef1832f68d6f32ac8cc99cdf6015732224c2841a09cea
  md5: c27d1c142233b5bc9ca570c6e2e0c244
  license: ISC
  size: 159003
  timestamp: 1725018903918
- conda: https://conda.anaconda.org/conda-forge/linux-aarch64/ca-certificates-2024.8.30-hcefe29a_0.conda
  sha256: 2a2d827bee3775a85f0f1b2f2089291475c4416336d1b3a8cbce2964db547af8
  md5: 70e57e8f59d2c98f86b49c69e5074be5
  license: ISC
  size: 159106
  timestamp: 1725020043153
- conda: https://conda.anaconda.org/conda-forge/linux-ppc64le/ca-certificates-2024.8.30-h0f6029e_0.conda
  sha256: a06c876d6f4329b203b5bdf43d84a75097b39559ef5cc0e8c48592155ad36258
  md5: dd1c24bb1b85bba6c229c284deeca472
  license: ISC
  size: 159112
  timestamp: 1725019529407
- conda: https://conda.anaconda.org/conda-forge/osx-64/ca-certificates-2024.8.30-h8857fd0_0.conda
  sha256: 593f302d0f44c2c771e1614ee6d56fffdc7d616e6f187669c8b0e34ffce3e1ae
  md5: b7e5424e7f06547a903d28e4651dbb21
  license: ISC
  size: 158665
  timestamp: 1725019059295
- conda: https://conda.anaconda.org/conda-forge/osx-arm64/ca-certificates-2024.8.30-hf0a4a13_0.conda
  sha256: 2db1733f4b644575dbbdd7994a8f338e6ef937f5ebdb74acd557e9dda0211709
  md5: 40dec13fd8348dbe303e57be74bd3d35
  license: ISC
  size: 158482
  timestamp: 1725019034582
- conda: https://conda.anaconda.org/conda-forge/win-64/ca-certificates-2024.8.30-h56e8100_0.conda
  sha256: 0fcac3a7ffcc556649e034a1802aedf795e64227eaa7194d207b01eaf26454c4
  md5: 4c4fd67c18619be5aa65dc5b6c72e490
  license: ISC
  size: 158773
  timestamp: 1725019107649
- conda: https://conda.anaconda.org/conda-forge/linux-64/ld_impl_linux-64-2.43-h712a8e2_2.conda
  sha256: 7c91cea91b13f4314d125d1bedb9d03a29ebbd5080ccdea70260363424646dbe
  md5: 048b02e3962f066da18efe3a21b77672
  depends:
  - __glibc >=2.17,<3.0.a0
  constrains:
  - binutils_impl_linux-64 2.43
  license: GPL-3.0-only
  license_family: GPL
  size: 669211
  timestamp: 1729655358674
- conda: https://conda.anaconda.org/conda-forge/linux-aarch64/ld_impl_linux-aarch64-2.43-h80caac9_2.conda
  sha256: 80ec7e8f006196808fac5bd4b3773a652847f97bbf08044cd87731424ac64f8b
  md5: fcbde5ea19d55468953bf588770c0501
  constrains:
  - binutils_impl_linux-aarch64 2.43
  license: GPL-3.0-only
  license_family: GPL
  size: 698245
  timestamp: 1729655345825
- conda: https://conda.anaconda.org/conda-forge/linux-ppc64le/ld_impl_linux-ppc64le-2.43-h5c2c55b_2.conda
  sha256: 68a07caa30876a49d06b5b1b5fd4ed3fe09c82caa7e7e3dbe93fd177f09c2f1b
  md5: 4519631f51d944ce5a1282216e571d49
  constrains:
  - binutils_impl_linux-ppc64le 2.43
  license: GPL-3.0-only
  license_family: GPL
  size: 695692
  timestamp: 1729655468502
- conda: https://conda.anaconda.org/conda-forge/linux-64/libexpat-2.6.4-h5888daf_0.conda
  sha256: 56541b98447b58e52d824bd59d6382d609e11de1f8adf20b23143e353d2b8d26
  md5: db833e03127376d461e1e13e76f09b6c
  depends:
  - __glibc >=2.17,<3.0.a0
  - libgcc >=13
  constrains:
  - expat 2.6.4.*
  license: MIT
  license_family: MIT
  size: 73304
  timestamp: 1730967041968
- conda: https://conda.anaconda.org/conda-forge/linux-aarch64/libexpat-2.6.4-h5ad3122_0.conda
  sha256: f42e758009ba9db90d1fe7992bc3e60d0c52f71fb20923375d2c44ae69a5a2b3
  md5: f1b3fab36861b3ce945a13f0dfdfc688
  depends:
  - libgcc >=13
  constrains:
  - expat 2.6.4.*
  license: MIT
  license_family: MIT
  size: 72345
  timestamp: 1730967203789
- conda: https://conda.anaconda.org/conda-forge/linux-ppc64le/libexpat-2.6.4-h2621725_0.conda
  sha256: 313176c5fa1fd2ef6b91346510d1d1d6977534e23c428a09467474d187ff530e
  md5: 544bdff04aec471ccd22454615f7ddac
  depends:
  - libgcc >=13
  constrains:
  - expat 2.6.4.*
  license: MIT
  license_family: MIT
  size: 83419
  timestamp: 1730967149052
- conda: https://conda.anaconda.org/conda-forge/osx-64/libexpat-2.6.4-h240833e_0.conda
  sha256: d10f43d0c5df6c8cf55259bce0fe14d2377eed625956cddce06f58827d288c59
  md5: 20307f4049a735a78a29073be1be2626
  depends:
  - __osx >=10.13
  constrains:
  - expat 2.6.4.*
  license: MIT
  license_family: MIT
  size: 70758
  timestamp: 1730967204736
- conda: https://conda.anaconda.org/conda-forge/osx-arm64/libexpat-2.6.4-h286801f_0.conda
  sha256: e42ab5ace927ee7c84e3f0f7d813671e1cf3529f5f06ee5899606630498c2745
  md5: 38d2656dd914feb0cab8c629370768bf
  depends:
  - __osx >=11.0
  constrains:
  - expat 2.6.4.*
  license: MIT
  license_family: MIT
  size: 64693
  timestamp: 1730967175868
- conda: https://conda.anaconda.org/conda-forge/win-64/libexpat-2.6.4-he0c23c2_0.conda
  sha256: 0c0447bf20d1013d5603499de93a16b6faa92d7ead870d96305c0f065b6a5a12
  md5: eb383771c680aa792feb529eaf9df82f
  depends:
  - ucrt >=10.0.20348.0
  - vc >=14.2,<15
  - vc14_runtime >=14.29.30139
  constrains:
  - expat 2.6.4.*
  license: MIT
  license_family: MIT
  size: 139068
  timestamp: 1730967442102
- conda: https://conda.anaconda.org/conda-forge/linux-64/libffi-3.4.2-h7f98852_5.tar.bz2
  sha256: ab6e9856c21709b7b517e940ae7028ae0737546122f83c2aa5d692860c3b149e
  md5: d645c6d2ac96843a2bfaccd2d62b3ac3
  depends:
  - libgcc-ng >=9.4.0
  license: MIT
  license_family: MIT
  size: 58292
  timestamp: 1636488182923
- conda: https://conda.anaconda.org/conda-forge/linux-aarch64/libffi-3.4.2-h3557bc0_5.tar.bz2
  sha256: 7e9258a102480757fe3faeb225a3ca04dffd10fecd2a958c65cdb4cdf75f2c3c
  md5: dddd85f4d52121fab0a8b099c5e06501
  depends:
  - libgcc-ng >=9.4.0
  license: MIT
  license_family: MIT
  size: 59450
  timestamp: 1636488255090
- conda: https://conda.anaconda.org/conda-forge/linux-ppc64le/libffi-3.4.2-h4e0d66e_5.tar.bz2
  sha256: 178ca9f82e2144a8834dd01f9af3b4b9b5d482892675931edccff06aee524953
  md5: 79c37a0a50ef77fea4ee5f6d257b8b3c
  depends:
  - libgcc-ng >=9.4.0
  license: MIT
  license_family: MIT
  size: 64043
  timestamp: 1636488304057
- conda: https://conda.anaconda.org/conda-forge/osx-64/libffi-3.4.2-h0d85af4_5.tar.bz2
  sha256: 7a2d27a936ceee6942ea4d397f9c7d136f12549d86f7617e8b6bad51e01a941f
  md5: ccb34fb14960ad8b125962d3d79b31a9
  license: MIT
  license_family: MIT
  size: 51348
  timestamp: 1636488394370
- conda: https://conda.anaconda.org/conda-forge/osx-arm64/libffi-3.4.2-h3422bc3_5.tar.bz2
  sha256: 41b3d13efb775e340e4dba549ab5c029611ea6918703096b2eaa9c015c0750ca
  md5: 086914b672be056eb70fd4285b6783b6
  license: MIT
  license_family: MIT
  size: 39020
  timestamp: 1636488587153
- conda: https://conda.anaconda.org/conda-forge/win-64/libffi-3.4.2-h8ffe710_5.tar.bz2
  sha256: 1951ab740f80660e9bc07d2ed3aefb874d78c107264fd810f24a1a6211d4b1a5
  md5: 2c96d1b6915b408893f9472569dee135
  depends:
  - vc >=14.1,<15.0a0
  - vs2015_runtime >=14.16.27012
  license: MIT
  license_family: MIT
  size: 42063
  timestamp: 1636489106777
- conda: https://conda.anaconda.org/conda-forge/linux-64/libgcc-14.2.0-h77fa898_1.conda
  sha256: 53eb8a79365e58849e7b1a068d31f4f9e718dc938d6f2c03e960345739a03569
  md5: 3cb76c3f10d3bc7f1105b2fc9db984df
  depends:
  - _libgcc_mutex 0.1 conda_forge
  - _openmp_mutex >=4.5
  constrains:
  - libgomp 14.2.0 h77fa898_1
  - libgcc-ng ==14.2.0=*_1
  license: GPL-3.0-only WITH GCC-exception-3.1
  license_family: GPL
  size: 848745
  timestamp: 1729027721139
- conda: https://conda.anaconda.org/conda-forge/linux-aarch64/libgcc-14.2.0-he277a41_1.conda
  sha256: 5d56757ccad208c79214395b00d006d8d18929a4ba49c47bd9460789a7620943
  md5: 511b511c5445e324066c3377481bcab8
  depends:
  - _openmp_mutex >=4.5
  constrains:
  - libgcc-ng ==14.2.0=*_1
  - libgomp 14.2.0 he277a41_1
  license: GPL-3.0-only WITH GCC-exception-3.1
  license_family: GPL
  size: 535243
  timestamp: 1729089435134
- conda: https://conda.anaconda.org/conda-forge/linux-ppc64le/libgcc-14.2.0-h31e42bb_1.conda
  sha256: c072f6417881050e9efd108a8fc5696b672f0d29ffa93c9735fbd130ccf5707f
  md5: 3a072f9f5f27732202ae3baeb7ece426
  depends:
  - _libgcc_mutex 0.1 conda_forge
  - _openmp_mutex >=4.5
  constrains:
  - libgomp 14.2.0 h31e42bb_1
  - libgcc-ng ==14.2.0=*_1
  license: GPL-3.0-only WITH GCC-exception-3.1
  license_family: GPL
  size: 760598
  timestamp: 1729088648691
- conda: https://conda.anaconda.org/conda-forge/linux-64/libgcc-ng-14.2.0-h69a702a_1.conda
  sha256: 3a76969c80e9af8b6e7a55090088bc41da4cffcde9e2c71b17f44d37b7cb87f7
  md5: e39480b9ca41323497b05492a63bc35b
  depends:
  - libgcc 14.2.0 h77fa898_1
  license: GPL-3.0-only WITH GCC-exception-3.1
  license_family: GPL
  size: 54142
  timestamp: 1729027726517
- conda: https://conda.anaconda.org/conda-forge/linux-aarch64/libgcc-ng-14.2.0-he9431aa_1.conda
  sha256: 9b5cf168a6c7361cae869cb74b716766ee7c6d6b3f6172b32ba9bf91135efdc4
  md5: 0694c249c61469f2c0f7e2990782af21
  depends:
  - libgcc 14.2.0 he277a41_1
  license: GPL-3.0-only WITH GCC-exception-3.1
  license_family: GPL
  size: 54104
  timestamp: 1729089444587
- conda: https://conda.anaconda.org/conda-forge/linux-ppc64le/libgcc-ng-14.2.0-hfdc3801_1.conda
  sha256: c0af04696a13291735f8970b2e8bb0aab8924e0cd82e55edb321a12f16158967
  md5: efb9c5003a48f3e9e701aca3c2db02e5
  depends:
  - libgcc 14.2.0 h31e42bb_1
  license: GPL-3.0-only WITH GCC-exception-3.1
  license_family: GPL
  size: 54181
  timestamp: 1729088656555
- conda: https://conda.anaconda.org/conda-forge/linux-64/libgomp-14.2.0-h77fa898_1.conda
  sha256: 1911c29975ec99b6b906904040c855772ccb265a1c79d5d75c8ceec4ed89cd63
  md5: cc3573974587f12dda90d96e3e55a702
  depends:
  - _libgcc_mutex 0.1 conda_forge
  license: GPL-3.0-only WITH GCC-exception-3.1
  license_family: GPL
  size: 460992
  timestamp: 1729027639220
- conda: https://conda.anaconda.org/conda-forge/linux-aarch64/libgomp-14.2.0-he277a41_1.conda
  sha256: 5aa53874a5e57a00f2e0c2e2910684eb674429cd5fcb803619b226a73e89aedf
  md5: 376f0e73abbda6d23c0cb749adc195ef
  license: GPL-3.0-only WITH GCC-exception-3.1
  license_family: GPL
  size: 463521
  timestamp: 1729089357313
- conda: https://conda.anaconda.org/conda-forge/linux-ppc64le/libgomp-14.2.0-h31e42bb_1.conda
  sha256: 61d9d02bcc3fc9fd9ae33d46456a575498dbf487a19e04f5c9b61fa7813d16b1
  md5: 73233dde3c3ff3950b0df42a6ba466bf
  depends:
  - _libgcc_mutex 0.1 conda_forge
  license: GPL-3.0-only WITH GCC-exception-3.1
  license_family: GPL
  size: 466670
  timestamp: 1729088574800
- conda: https://conda.anaconda.org/conda-forge/linux-64/libnsl-2.0.1-hd590300_0.conda
  sha256: 26d77a3bb4dceeedc2a41bd688564fe71bf2d149fdcf117049970bc02ff1add6
  md5: 30fd6e37fe21f86f4bd26d6ee73eeec7
  depends:
  - libgcc-ng >=12
  license: LGPL-2.1-only
  license_family: GPL
  size: 33408
  timestamp: 1697359010159
- conda: https://conda.anaconda.org/conda-forge/linux-aarch64/libnsl-2.0.1-h31becfc_0.conda
  sha256: fd18c2b75d7411096428d36a70b36b1a17e31f7b8956b6905d145792d49e97f8
  md5: c14f32510f694e3185704d89967ec422
  depends:
  - libgcc-ng >=12
  license: LGPL-2.1-only
  license_family: GPL
  size: 34501
  timestamp: 1697358973269
- conda: https://conda.anaconda.org/conda-forge/linux-ppc64le/libnsl-2.0.1-ha17a0cc_0.conda
  sha256: 74ac0af4fd8eab7ef703b4d3fff4157e710c1e09b430d8bee010f6dcb0801a86
  md5: fff1c88a9eb0409f33ff9eba62c2d211
  depends:
  - libgcc-ng >=12
  license: LGPL-2.1-only
  license_family: GPL
  size: 35804
  timestamp: 1697359195099
- conda: https://conda.anaconda.org/conda-forge/linux-64/libsqlite-3.47.0-hadc24fc_1.conda
  sha256: 8a9aadf996a2399f65b679c6e7f29139d5059f699c63e6d7b50e20db10c00508
  md5: b6f02b52a174e612e89548f4663ce56a
  depends:
  - __glibc >=2.17,<3.0.a0
  - libgcc >=13
  - libzlib >=1.3.1,<2.0a0
  license: Unlicense
  size: 875349
  timestamp: 1730208050020
- conda: https://conda.anaconda.org/conda-forge/linux-aarch64/libsqlite-3.47.0-hc4a20ef_1.conda
  sha256: 73e143fdb966b61cd25ab804d416d87dfce43ac684e0fac3ad8b1450796331ab
  md5: a6b185aac10d08028340858f77231b23
  depends:
  - libgcc >=13
  - libzlib >=1.3.1,<2.0a0
  license: Unlicense
  size: 1041855
  timestamp: 1730208187962
- conda: https://conda.anaconda.org/conda-forge/linux-ppc64le/libsqlite-3.47.0-hf507151_1.conda
  sha256: 78969103b98318ea23752996f3a502d378090a3edf85ded77b47af9c5f456112
  md5: 8232e9fd7ab8dc79cb40db9bf04eb26f
  depends:
  - libgcc >=13
  - libzlib >=1.3.1,<2.0a0
  license: Unlicense
  size: 1168929
  timestamp: 1730208127937
- conda: https://conda.anaconda.org/conda-forge/osx-64/libsqlite-3.47.0-h2f8c449_1.conda
  sha256: a0f7381c867898a45018b1e5cf1aca68659d292d58252e8f489a4270b010fed8
  md5: af445c495253a871c3d809e1199bb12b
  depends:
  - __osx >=10.13
  - libzlib >=1.3.1,<2.0a0
  license: Unlicense
  size: 915300
  timestamp: 1730208101739
- conda: https://conda.anaconda.org/conda-forge/osx-arm64/libsqlite-3.47.0-hbaaea75_1.conda
  sha256: 5a96caa566c11e5a5ebdcdb86a0759a7fb27d3c5f42e6a0fd0d6023c1e935d9e
  md5: 07a14fbe439eef078cc479deca321161
  depends:
  - __osx >=11.0
  - libzlib >=1.3.1,<2.0a0
  license: Unlicense
  size: 837683
  timestamp: 1730208293578
- conda: https://conda.anaconda.org/conda-forge/win-64/libsqlite-3.47.0-h2466b09_1.conda
  sha256: 3342d6fe787f5830f7e8466d9c65c914bfd8d67220fb5673041b338cbba47afe
  md5: 5b1f36012cc3d09c4eb9f24ad0e2c379
  depends:
  - ucrt >=10.0.20348.0
  - vc >=14.2,<15
  - vc14_runtime >=14.29.30139
  license: Unlicense
  size: 892175
  timestamp: 1730208431651
- conda: https://conda.anaconda.org/conda-forge/linux-64/libuuid-2.38.1-h0b41bf4_0.conda
  sha256: 787eb542f055a2b3de553614b25f09eefb0a0931b0c87dbcce6efdfd92f04f18
  md5: 40b61aab5c7ba9ff276c41cfffe6b80b
  depends:
  - libgcc-ng >=12
  license: BSD-3-Clause
  license_family: BSD
  size: 33601
  timestamp: 1680112270483
- conda: https://conda.anaconda.org/conda-forge/linux-aarch64/libuuid-2.38.1-hb4cce97_0.conda
  sha256: 616277b0c5f7616c2cdf36f6c316ea3f9aa5bb35f2d4476a349ab58b9b91675f
  md5: 000e30b09db0b7c775b21695dff30969
  depends:
  - libgcc-ng >=12
  license: BSD-3-Clause
  license_family: BSD
  size: 35720
  timestamp: 1680113474501
- conda: https://conda.anaconda.org/conda-forge/linux-ppc64le/libuuid-2.38.1-h4194056_0.conda
  sha256: c346f9f9b8ffdeced94cfe90e6188b822f43c684eeee9803105fbe1d7d12c394
  md5: fed50db9b0ea36487e89a6935ca87a94
  depends:
  - libgcc-ng >=12
  license: BSD-3-Clause
  license_family: BSD
  size: 39481
  timestamp: 1680113767606
- conda: https://conda.anaconda.org/conda-forge/linux-64/libxcrypt-4.4.36-hd590300_1.conda
  sha256: 6ae68e0b86423ef188196fff6207ed0c8195dd84273cb5623b85aa08033a410c
  md5: 5aa797f8787fe7a17d1b0821485b5adc
  depends:
  - libgcc-ng >=12
  license: LGPL-2.1-or-later
  size: 100393
  timestamp: 1702724383534
- conda: https://conda.anaconda.org/conda-forge/linux-aarch64/libxcrypt-4.4.36-h31becfc_1.conda
  sha256: 6b46c397644091b8a26a3048636d10b989b1bf266d4be5e9474bf763f828f41f
  md5: b4df5d7d4b63579d081fd3a4cf99740e
  depends:
  - libgcc-ng >=12
  license: LGPL-2.1-or-later
  size: 114269
  timestamp: 1702724369203
- conda: https://conda.anaconda.org/conda-forge/linux-ppc64le/libxcrypt-4.4.36-ha17a0cc_1.conda
  sha256: 9ac5f759e8aade50c37fc26c1c050e87943538ea97e21f243fd72156055aba31
  md5: b8d12a4079c614d8852c6a310fa61a80
  depends:
  - libgcc-ng >=12
  license: LGPL-2.1-or-later
  size: 124052
  timestamp: 1702725129071
- conda: https://conda.anaconda.org/conda-forge/linux-64/libzlib-1.3.1-hb9d3cd8_2.conda
  sha256: d4bfe88d7cb447768e31650f06257995601f89076080e76df55e3112d4e47dc4
  md5: edb0dca6bc32e4f4789199455a1dbeb8
  depends:
  - __glibc >=2.17,<3.0.a0
  - libgcc >=13
  constrains:
  - zlib 1.3.1 *_2
  license: Zlib
  license_family: Other
  size: 60963
  timestamp: 1727963148474
- conda: https://conda.anaconda.org/conda-forge/linux-aarch64/libzlib-1.3.1-h86ecc28_2.conda
  sha256: 5a2c1eeef69342e88a98d1d95bff1603727ab1ff4ee0e421522acd8813439b84
  md5: 08aad7cbe9f5a6b460d0976076b6ae64
  depends:
  - libgcc >=13
  constrains:
  - zlib 1.3.1 *_2
  license: Zlib
  license_family: Other
  size: 66657
  timestamp: 1727963199518
- conda: https://conda.anaconda.org/conda-forge/linux-ppc64le/libzlib-1.3.1-h190368a_2.conda
  sha256: 05216f74566f6ede1161c99fc4fbbcc9ca9095069c81c937e6384582cefe49c9
  md5: 4ac019aac4dbff4728ef133b8ec3a913
  depends:
  - libgcc >=13
  constrains:
  - zlib 1.3.1 *_2
  license: Zlib
  license_family: Other
  size: 69388
  timestamp: 1727963207653
- conda: https://conda.anaconda.org/conda-forge/osx-64/libzlib-1.3.1-hd23fc13_2.conda
  sha256: 8412f96504fc5993a63edf1e211d042a1fd5b1d51dedec755d2058948fcced09
  md5: 003a54a4e32b02f7355b50a837e699da
  depends:
  - __osx >=10.13
  constrains:
  - zlib 1.3.1 *_2
  license: Zlib
  license_family: Other
  size: 57133
  timestamp: 1727963183990
- conda: https://conda.anaconda.org/conda-forge/osx-arm64/libzlib-1.3.1-h8359307_2.conda
  sha256: ce34669eadaba351cd54910743e6a2261b67009624dbc7daeeafdef93616711b
  md5: 369964e85dc26bfe78f41399b366c435
  depends:
  - __osx >=11.0
  constrains:
  - zlib 1.3.1 *_2
  license: Zlib
  license_family: Other
  size: 46438
  timestamp: 1727963202283
- conda: https://conda.anaconda.org/conda-forge/win-64/libzlib-1.3.1-h2466b09_2.conda
  sha256: ba945c6493449bed0e6e29883c4943817f7c79cbff52b83360f7b341277c6402
  md5: 41fbfac52c601159df6c01f875de31b9
  depends:
  - ucrt >=10.0.20348.0
  - vc >=14.2,<15
  - vc14_runtime >=14.29.30139
  constrains:
  - zlib 1.3.1 *_2
  license: Zlib
  license_family: Other
  size: 55476
  timestamp: 1727963768015
- conda: https://conda.anaconda.org/conda-forge/linux-64/ncurses-6.5-he02047a_1.conda
  sha256: 6a1d5d8634c1a07913f1c525db6455918cbc589d745fac46d9d6e30340c8731a
  md5: 70caf8bb6cf39a0b6b7efc885f51c0fe
  depends:
  - __glibc >=2.17,<3.0.a0
  - libgcc-ng >=12
  license: X11 AND BSD-3-Clause
  size: 889086
  timestamp: 1724658547447
- conda: https://conda.anaconda.org/conda-forge/linux-aarch64/ncurses-6.5-hcccb83c_1.conda
  sha256: acad4cf1f57b12ee1e42995e6fac646fa06aa026529f05eb8c07eb0a84a47a84
  md5: 91d49c85cacd92caa40cf375ef72a25d
  depends:
  - libgcc-ng >=12
  license: X11 AND BSD-3-Clause
  size: 924472
  timestamp: 1724658573518
- conda: https://conda.anaconda.org/conda-forge/linux-ppc64le/ncurses-6.5-hd444e8b_1.conda
  sha256: 00a89f96063a5197204d0d86d34bdb8c68f34d5dd97dd6892d53869ab6853cd7
  md5: 1aa1f96b73059bb9294e881e371ccbd4
  depends:
  - libgcc-ng >=12
  license: X11 AND BSD-3-Clause
  size: 995390
  timestamp: 1724658668070
- conda: https://conda.anaconda.org/conda-forge/osx-64/ncurses-6.5-hf036a51_1.conda
  sha256: b0b3180039ef19502525a2abd5833c00f9624af830fd391f851934d57bffb9af
  md5: e102bbf8a6ceeaf429deab8032fc8977
  depends:
  - __osx >=10.13
  license: X11 AND BSD-3-Clause
  size: 822066
  timestamp: 1724658603042
- conda: https://conda.anaconda.org/conda-forge/osx-arm64/ncurses-6.5-h7bae524_1.conda
  sha256: 27d0b9ff78ad46e1f3a6c96c479ab44beda5f96def88e2fe626e0a49429d8afc
  md5: cb2b0ea909b97b3d70cd3921d1445e1a
  depends:
  - __osx >=11.0
  license: X11 AND BSD-3-Clause
  size: 802321
  timestamp: 1724658775723
- conda: https://conda.anaconda.org/conda-forge/linux-64/openssl-3.3.1-h4ab18f5_0.conda
  sha256: 9691f8bd6394c5bb0b8d2f47cd1467b91bd5b1df923b69e6b517f54496ee4b50
  md5: a41fa0e391cc9e0d6b78ac69ca047a6c
  depends:
  - ca-certificates
  - libgcc-ng >=12
  constrains:
  - pyopenssl >=22.1
  arch: x86_64
  platform: linux
  license: Apache-2.0
  license_family: Apache
  size: 2896170
  timestamp: 1717546157673
- conda: https://conda.anaconda.org/conda-forge/linux-aarch64/openssl-3.3.1-h68df207_0.conda
  sha256: 1688bf43c6ea6322ac7c1ca455712e5b64f6f524fee4c108b26c26ed7eac6f11
  md5: dc4bb65a3f9c97b26c8f947662eea202
  depends:
  - ca-certificates
  - libgcc-ng >=12
  constrains:
  - pyopenssl >=22.1
  arch: aarch64
  platform: linux
  license: Apache-2.0
  license_family: Apache
  size: 3427371
  timestamp: 1717546156492
- conda: https://conda.anaconda.org/conda-forge/linux-ppc64le/openssl-3.3.1-h1f2b957_0.conda
  sha256: e7eeaf44d972f2bd8dd7da8bc1b3f208a06cc3717d0144e59b1cc17634c9581e
  md5: 96a28d7467194d75dc7ba90e72586448
  depends:
  - ca-certificates
  - libgcc-ng >=12
  constrains:
  - pyopenssl >=22.1
  arch: ppc64le
  platform: linux
  license: Apache-2.0
  license_family: Apache
  size: 3064873
  timestamp: 1717548147620
- conda: https://conda.anaconda.org/conda-forge/osx-64/openssl-3.3.1-h87427d6_0.conda
  sha256: 272bee725877f417fef923f5e7852ebfe06b40b6bf3364f4498b2b3f568d5e2c
  md5: 1bdad93ae01353340f194c5d879745db
  depends:
  - __osx >=10.13
  - ca-certificates
  constrains:
  - pyopenssl >=22.1
  arch: x86_64
  platform: osx
  license: Apache-2.0
  license_family: Apache
  size: 2547614
  timestamp: 1717546605131
- conda: https://conda.anaconda.org/conda-forge/osx-arm64/openssl-3.3.1-hfb2fe0b_0.conda
  sha256: 6cb2d44f027b259be8cba2240bdf21af7b426e4132a73e0052f7173ab8b60ab0
  md5: c4a0bbd96a0da60bf265dac62c87f4e1
  depends:
  - __osx >=11.0
  - ca-certificates
  constrains:
  - pyopenssl >=22.1
  arch: arm64
  platform: osx
  license: Apache-2.0
  license_family: Apache
  size: 2891941
  timestamp: 1717545846389
- conda: https://conda.anaconda.org/conda-forge/win-64/openssl-3.3.1-h2466b09_0.conda
  sha256: fbd63a41b854370a74e5f7ccc50d67f053d60c08e40389156e7924df0824d297
  md5: 27fe798366ef3a81715b13eedf699e2f
  depends:
  - ca-certificates
  - ucrt >=10.0.20348.0
  - vc >=14.2,<15
  - vc14_runtime >=14.29.30139
  constrains:
  - pyopenssl >=22.1
  arch: x86_64
  platform: win
  license: Apache-2.0
  license_family: Apache
  size: 8383610
  timestamp: 1717550042871
- conda: https://conda.anaconda.org/conda-forge/noarch/pip-24.3.1-pyh8b19718_0.conda
  sha256: 499313e72e20225f84c2e9690bbaf5b952c8d7e0bf34b728278538f766b81628
  md5: 5dd546fe99b44fda83963d15f84263b7
  depends:
  - python >=3.8,<3.13.0a0
  - setuptools
  - wheel
  license: MIT
  license_family: MIT
  size: 1243168
  timestamp: 1730203795600
- conda: https://conda.anaconda.org/conda-forge/linux-64/python-3.12.5-h2ad013b_0_cpython.conda
  sha256: e2aad83838988725d4ffba4e9717b9328054fd18a668cff3377e0c50f109e8bd
  md5: 9c56c4df45f6571b13111d8df2448692
  depends:
  - __glibc >=2.17,<3.0.a0
  - bzip2 >=1.0.8,<2.0a0
  - ld_impl_linux-64 >=2.36.1
  - libexpat >=2.6.2,<3.0a0
  - libffi >=3.4,<4.0a0
  - libgcc-ng >=12
  - libnsl >=2.0.1,<2.1.0a0
  - libsqlite >=3.46.0,<4.0a0
  - libuuid >=2.38.1,<3.0a0
  - libxcrypt >=4.4.36
  - libzlib >=1.3.1,<2.0a0
  - ncurses >=6.5,<7.0a0
  - openssl >=3.3.1,<4.0a0
  - readline >=8.2,<9.0a0
  - tk >=8.6.13,<8.7.0a0
  - tzdata
  - xz >=5.2.6,<6.0a0
  constrains:
  - python_abi 3.12.* *_cp312
  license: Python-2.0
  size: 31663253
  timestamp: 1723143721353
- conda: https://conda.anaconda.org/conda-forge/linux-aarch64/python-3.12.5-hb188aa9_0_cpython.conda
  sha256: dbab5e16487bf7276e98ca4dbcbd412be7ab3c674f8ecc0c6f2199bc5f01d554
  md5: 29d0b64c0b5e812fe96a42dcb471a7da
  depends:
  - bzip2 >=1.0.8,<2.0a0
  - ld_impl_linux-aarch64 >=2.36.1
  - libexpat >=2.6.2,<3.0a0
  - libffi >=3.4,<4.0a0
  - libgcc-ng >=12
  - libnsl >=2.0.1,<2.1.0a0
  - libsqlite >=3.46.0,<4.0a0
  - libuuid >=2.38.1,<3.0a0
  - libxcrypt >=4.4.36
  - libzlib >=1.3.1,<2.0a0
  - ncurses >=6.5,<7.0a0
  - openssl >=3.3.1,<4.0a0
  - readline >=8.2,<9.0a0
  - tk >=8.6.13,<8.7.0a0
  - tzdata
  - xz >=5.2.6,<6.0a0
  constrains:
  - python_abi 3.12.* *_cp312
  license: Python-2.0
  size: 13724462
  timestamp: 1723141768383
- conda: https://conda.anaconda.org/conda-forge/linux-ppc64le/python-3.12.5-h1219bdf_0_cpython.conda
  sha256: b5c81957f0d1974b181627311762c824031167445492c519b9491662c16f66d3
  md5: 5942726002f370e9f2cb1e89d85a601b
  depends:
  - bzip2 >=1.0.8,<2.0a0
  - ld_impl_linux-ppc64le >=2.36.1
  - libexpat >=2.6.2,<3.0a0
  - libffi >=3.4,<4.0a0
  - libgcc-ng >=12
  - libnsl >=2.0.1,<2.1.0a0
  - libsqlite >=3.46.0,<4.0a0
  - libuuid >=2.38.1,<3.0a0
  - libxcrypt >=4.4.36
  - libzlib >=1.3.1,<2.0a0
  - ncurses >=6.5,<7.0a0
  - openssl >=3.3.1,<4.0a0
  - readline >=8.2,<9.0a0
  - tk >=8.6.13,<8.7.0a0
  - tzdata
  - xz >=5.2.6,<6.0a0
  constrains:
  - python_abi 3.12.* *_cp312
  license: Python-2.0
  size: 14143230
  timestamp: 1723142041426
- conda: https://conda.anaconda.org/conda-forge/osx-64/python-3.12.5-h37a9e06_0_cpython.conda
  sha256: c0f39e625b2fd65f70a9cc086fe4b25cc72228453dbbcd92cd5d140d080e38c5
  md5: 517cb4e16466f8d96ba2a72897d14c48
  depends:
  - __osx >=10.13
  - bzip2 >=1.0.8,<2.0a0
  - libexpat >=2.6.2,<3.0a0
  - libffi >=3.4,<4.0a0
  - libsqlite >=3.46.0,<4.0a0
  - libzlib >=1.3.1,<2.0a0
  - ncurses >=6.5,<7.0a0
  - openssl >=3.3.1,<4.0a0
  - readline >=8.2,<9.0a0
  - tk >=8.6.13,<8.7.0a0
  - tzdata
  - xz >=5.2.6,<6.0a0
  constrains:
  - python_abi 3.12.* *_cp312
  license: Python-2.0
  size: 12173272
  timestamp: 1723142761765
- conda: https://conda.anaconda.org/conda-forge/osx-arm64/python-3.12.5-h30c5eda_0_cpython.conda
  sha256: 1319e918fb54c9491832a9731cad00235a76f61c6f9b23fc0f70cdfb74c950ea
  md5: 5e315581e2948dfe3bcac306540e9803
  depends:
  - __osx >=11.0
  - bzip2 >=1.0.8,<2.0a0
  - libexpat >=2.6.2,<3.0a0
  - libffi >=3.4,<4.0a0
  - libsqlite >=3.46.0,<4.0a0
  - libzlib >=1.3.1,<2.0a0
  - ncurses >=6.5,<7.0a0
  - openssl >=3.3.1,<4.0a0
  - readline >=8.2,<9.0a0
  - tk >=8.6.13,<8.7.0a0
  - tzdata
  - xz >=5.2.6,<6.0a0
  constrains:
  - python_abi 3.12.* *_cp312
  license: Python-2.0
  size: 12926356
  timestamp: 1723142203193
- conda: https://conda.anaconda.org/conda-forge/win-64/python-3.12.5-h889d299_0_cpython.conda
  sha256: 4cef304eb8877fd3094c14b57097ccc1b817b4afbf2223dd45d2b61e44064740
  md5: db056d8b140ab2edd56a2f9bdb203dcd
  depends:
  - bzip2 >=1.0.8,<2.0a0
  - libexpat >=2.6.2,<3.0a0
  - libffi >=3.4,<4.0a0
  - libsqlite >=3.46.0,<4.0a0
  - libzlib >=1.3.1,<2.0a0
  - openssl >=3.3.1,<4.0a0
  - tk >=8.6.13,<8.7.0a0
  - tzdata
  - ucrt >=10.0.20348.0
  - vc >=14.2,<15
  - vc14_runtime >=14.29.30139
  - xz >=5.2.6,<6.0a0
  constrains:
  - python_abi 3.12.* *_cp312
  license: Python-2.0
  size: 15897752
  timestamp: 1723141830317
- conda: https://conda.anaconda.org/conda-forge/linux-64/readline-8.2-h8228510_1.conda
  sha256: 5435cf39d039387fbdc977b0a762357ea909a7694d9528ab40f005e9208744d7
  md5: 47d31b792659ce70f470b5c82fdfb7a4
  depends:
  - libgcc-ng >=12
  - ncurses >=6.3,<7.0a0
  license: GPL-3.0-only
  license_family: GPL
  size: 281456
  timestamp: 1679532220005
- conda: https://conda.anaconda.org/conda-forge/linux-aarch64/readline-8.2-h8fc344f_1.conda
  sha256: 4c99f7417419734e3797d45bc355e61c26520e111893b0d7087a01a7fbfbe3dd
  md5: 105eb1e16bf83bfb2eb380a48032b655
  depends:
  - libgcc-ng >=12
  - ncurses >=6.3,<7.0a0
  license: GPL-3.0-only
  license_family: GPL
  size: 294092
  timestamp: 1679532238805
- conda: https://conda.anaconda.org/conda-forge/linux-ppc64le/readline-8.2-h0b9b154_1.conda
  sha256: 149754804bdd1dce9b0c868fca752dc2b9fbaba27aeb9be5a0cf89acd93dd898
  md5: 7bb8e7bc9b64950865e875ceb29628fd
  depends:
  - libgcc-ng >=12
  - ncurses >=6.3,<7.0a0
  license: GPL-3.0-only
  license_family: GPL
  size: 304821
  timestamp: 1679532435476
- conda: https://conda.anaconda.org/conda-forge/osx-64/readline-8.2-h9e318b2_1.conda
  sha256: 41e7d30a097d9b060037f0c6a2b1d4c4ae7e942c06c943d23f9d481548478568
  md5: f17f77f2acf4d344734bda76829ce14e
  depends:
  - ncurses >=6.3,<7.0a0
  license: GPL-3.0-only
  license_family: GPL
  size: 255870
  timestamp: 1679532707590
- conda: https://conda.anaconda.org/conda-forge/osx-arm64/readline-8.2-h92ec313_1.conda
  sha256: a1dfa679ac3f6007362386576a704ad2d0d7a02e98f5d0b115f207a2da63e884
  md5: 8cbb776a2f641b943d413b3e19df71f4
  depends:
  - ncurses >=6.3,<7.0a0
  license: GPL-3.0-only
  license_family: GPL
  size: 250351
  timestamp: 1679532511311
- conda: https://conda.anaconda.org/conda-forge/noarch/setuptools-75.6.0-pyhff2d567_1.conda
  sha256: abb12e1dd515b13660aacb5d0fd43835bc2186cab472df25b7716cd65e095111
  md5: fc80f7995e396cbaeabd23cf46c413dc
  depends:
  - python >=3.9
  license: MIT
  license_family: MIT
  size: 774252
  timestamp: 1732632769210
- conda: https://conda.anaconda.org/conda-forge/linux-64/tk-8.6.13-noxft_h4845f30_101.conda
  sha256: e0569c9caa68bf476bead1bed3d79650bb080b532c64a4af7d8ca286c08dea4e
  md5: d453b98d9c83e71da0741bb0ff4d76bc
  depends:
  - libgcc-ng >=12
  - libzlib >=1.2.13,<2.0.0a0
  license: TCL
  license_family: BSD
  size: 3318875
  timestamp: 1699202167581
- conda: https://conda.anaconda.org/conda-forge/linux-aarch64/tk-8.6.13-h194ca79_0.conda
  sha256: 7fa27cc512d3a783f38bd16bbbffc008807372499d5b65d089a8e43bde9db267
  md5: f75105e0585851f818e0009dd1dde4dc
  depends:
  - libgcc-ng >=12
  - libzlib >=1.2.13,<2.0.0a0
  license: TCL
  license_family: BSD
  size: 3351802
  timestamp: 1695506242997
- conda: https://conda.anaconda.org/conda-forge/linux-ppc64le/tk-8.6.13-hd4bbf49_0.conda
  sha256: 4cfadfded379ad0aeeaee232bd0d7c32bfef238be3a2d17efc92512266b67246
  md5: a26aaf28a5756f5b8fbff1a46962c649
  depends:
  - libgcc-ng >=12
  - libzlib >=1.2.13,<2.0.0a0
  license: TCL
  license_family: BSD
  size: 3589612
  timestamp: 1695506399933
- conda: https://conda.anaconda.org/conda-forge/osx-64/tk-8.6.13-h1abcd95_1.conda
  sha256: 30412b2e9de4ff82d8c2a7e5d06a15f4f4fef1809a72138b6ccb53a33b26faf5
  md5: bf830ba5afc507c6232d4ef0fb1a882d
  depends:
  - libzlib >=1.2.13,<2.0.0a0
  license: TCL
  license_family: BSD
  size: 3270220
  timestamp: 1699202389792
- conda: https://conda.anaconda.org/conda-forge/osx-arm64/tk-8.6.13-h5083fa2_1.conda
  sha256: 72457ad031b4c048e5891f3f6cb27a53cb479db68a52d965f796910e71a403a8
  md5: b50a57ba89c32b62428b71a875291c9b
  depends:
  - libzlib >=1.2.13,<2.0.0a0
  license: TCL
  license_family: BSD
  size: 3145523
  timestamp: 1699202432999
- conda: https://conda.anaconda.org/conda-forge/win-64/tk-8.6.13-h5226925_1.conda
  sha256: 2c4e914f521ccb2718946645108c9bd3fc3216ba69aea20c2c3cedbd8db32bb1
  md5: fc048363eb8f03cd1737600a5d08aafe
  depends:
  - ucrt >=10.0.20348.0
  - vc >=14.2,<15
  - vc14_runtime >=14.29.30139
  license: TCL
  license_family: BSD
  size: 3503410
  timestamp: 1699202577803
- conda: https://conda.anaconda.org/conda-forge/noarch/tzdata-2024b-hc8b5060_0.conda
  sha256: 4fde5c3008bf5d2db82f2b50204464314cc3c91c1d953652f7bd01d9e52aefdf
  md5: 8ac3367aafb1cc0a068483c580af8015
  license: LicenseRef-Public-Domain
  size: 122354
  timestamp: 1728047496079
- conda: https://conda.anaconda.org/conda-forge/win-64/ucrt-10.0.22621.0-h57928b3_1.conda
  sha256: db8dead3dd30fb1a032737554ce91e2819b43496a0db09927edf01c32b577450
  md5: 6797b005cd0f439c4c5c9ac565783700
  constrains:
  - vs2015_runtime >=14.29.30037
  license: LicenseRef-MicrosoftWindowsSDK10
  size: 559710
  timestamp: 1728377334097
- conda: https://conda.anaconda.org/conda-forge/win-64/vc-14.3-ha32ba9b_23.conda
  sha256: 986ddaf8feec2904eac9535a7ddb7acda1a1dfb9482088fdb8129f1595181663
  md5: 7c10ec3158d1eb4ddff7007c9101adb0
  depends:
  - vc14_runtime >=14.38.33135
  track_features:
  - vc14
  license: BSD-3-Clause
  license_family: BSD
  size: 17479
  timestamp: 1731710827215
- conda: https://conda.anaconda.org/conda-forge/win-64/vc14_runtime-14.42.34433-he29a5d6_23.conda
  sha256: c483b090c4251a260aba6ff3e83a307bcfb5fb24ad7ced872ab5d02971bd3a49
  md5: 32b37d0cfa80da34548501cdc913a832
  depends:
  - ucrt >=10.0.20348.0
  constrains:
  - vs2015_runtime 14.42.34433.* *_23
  license: LicenseRef-MicrosoftVisualCpp2015-2022Runtime
  license_family: Proprietary
  size: 754247
  timestamp: 1731710681163
- conda: https://conda.anaconda.org/conda-forge/win-64/vs2015_runtime-14.42.34433-hdffcdeb_23.conda
  sha256: 568ce8151eaae256f1cef752fc78651ad7a86ff05153cc7a4740b52ae6536118
  md5: 5c176975ca2b8366abad3c97b3cd1e83
  depends:
  - vc14_runtime >=14.42.34433
  license: BSD-3-Clause
  license_family: BSD
  size: 17572
  timestamp: 1731710685291
- conda: https://conda.anaconda.org/conda-forge/noarch/wheel-0.45.1-pyhd8ed1ab_1.conda
  sha256: 1b34021e815ff89a4d902d879c3bd2040bc1bd6169b32e9427497fa05c55f1ce
  md5: 75cb7132eb58d97896e173ef12ac9986
  depends:
  - python >=3.9
  license: MIT
  size: 62931
  timestamp: 1733130309598
- conda: https://conda.anaconda.org/conda-forge/linux-64/xz-5.2.6-h166bdaf_0.tar.bz2
  sha256: 03a6d28ded42af8a347345f82f3eebdd6807a08526d47899a42d62d319609162
  md5: 2161070d867d1b1204ea749c8eec4ef0
  depends:
  - libgcc-ng >=12
  license: LGPL-2.1 and GPL-2.0
  size: 418368
  timestamp: 1660346797927
- conda: https://conda.anaconda.org/conda-forge/linux-aarch64/xz-5.2.6-h9cdd2b7_0.tar.bz2
  sha256: 93f58a7b393adf41fa007ac8c55978765e957e90cd31877ece1e5a343cb98220
  md5: 83baad393a31d59c20b63ba4da6592df
  depends:
  - libgcc-ng >=12
  license: LGPL-2.1 and GPL-2.0
  size: 440555
  timestamp: 1660348056328
- conda: https://conda.anaconda.org/conda-forge/linux-ppc64le/xz-5.2.6-hb283c62_0.tar.bz2
  sha256: d03eb2b53dc61ac97c88b3ca023cf19c2b83b97520725b3c2ec0bff2c47f4a98
  md5: a411645e44054e333573ee5280fdb89b
  depends:
  - libgcc-ng >=12
  license: LGPL-2.1 and GPL-2.0
  size: 443552
  timestamp: 1660348160401
- conda: https://conda.anaconda.org/conda-forge/osx-64/xz-5.2.6-h775f41a_0.tar.bz2
  sha256: eb09823f34cc2dd663c0ec4ab13f246f45dcd52e5b8c47b9864361de5204a1c8
  md5: a72f9d4ea13d55d745ff1ed594747f10
  license: LGPL-2.1 and GPL-2.0
  size: 238119
  timestamp: 1660346964847
- conda: https://conda.anaconda.org/conda-forge/osx-arm64/xz-5.2.6-h57fd34a_0.tar.bz2
  sha256: 59d78af0c3e071021cfe82dc40134c19dab8cdf804324b62940f5c8cd71803ec
  md5: 39c6b54e94014701dd157f4f576ed211
  license: LGPL-2.1 and GPL-2.0
  size: 235693
  timestamp: 1660346961024
- conda: https://conda.anaconda.org/conda-forge/win-64/xz-5.2.6-h8d14728_0.tar.bz2
  sha256: 54d9778f75a02723784dc63aff4126ff6e6749ba21d11a6d03c1f4775f269fe0
  md5: 515d77642eaa3639413c6b1bc3f94219
  depends:
  - vc >=14.1,<15
  - vs2015_runtime >=14.16.27033
  license: LGPL-2.1 and GPL-2.0
  size: 217804
  timestamp: 1660346976440
